
Microsoft Visual Studio Solution File, Format Version 12.00
# Visual Studio Version 17
VisualStudioVersion = 17.10.35027.167
MinimumVisualStudioVersion = 10.0.40219.1
Project("{9A19103F-16F7-4668-BE54-9A1E7A4F7556}") = "Task1A.CSharpBase", "Task.CSharpBase\Task1A.CSharpBase.csproj", "{496ED4EA-88B3-4516-B659-22525227479D}"
EndProject
Project("{2150E333-8FDC-42A3-9474-1A3956D46DE8}") = "Task1.CSharpBase", "Task1.CSharpBase", "{C68F8539-12A4-4E8D-B8D6-7360509C88ED}"
EndProject
Project("{FAE04EC0-301F-11D3-BF4B-00C04F79EFBC}") = "Task1B", "Task1B\Task1B.csproj", "{A94E23D0-BDDB-4782-98FF-B49344AFF10A}"
EndProject
Project("{2150E333-8FDC-42A3-9474-1A3956D46DE8}") = "Practice2", "Practice2", "{AD4612D6-F21D-44FE-BC7C-3FBE02B8CE72}"
EndProject
Project("{9A19103F-16F7-4668-BE54-9A1E7A4F7556}") = "Practice2.Task1", "Practice2.Task1\Practice2.Task1.csproj", "{85E8B49E-046D-444D-8FBC-9EDF0E3195A0}"
EndProject
Project("{9A19103F-16F7-4668-BE54-9A1E7A4F7556}") = "Practice2.Task2", "Practice2.Task2\Practice2.Task2.csproj", "{A6CD0EE8-54ED-4AF4-B829-2C74C8570C1B}"
EndProject
Project("{9A19103F-16F7-4668-BE54-9A1E7A4F7556}") = "Practice2.Task3", "Practice.Task3\Practice2.Task3.csproj", "{9F7DEA6C-CFD6-43AD-9855-8A1FD01D5CBF}"
EndProject
Project("{9A19103F-16F7-4668-BE54-9A1E7A4F7556}") = "Practice2.Task4", "Practice2.Task4\Practice2.Task4.csproj", "{7D830FE8-56A4-457C-B659-32BB0BBC9D95}"
EndProject
Project("{9A19103F-16F7-4668-BE54-9A1E7A4F7556}") = "Practice2.Task7", "Practice2.Task7\Practice2.Task7.csproj", "{1BD38CEC-F1E3-4824-B986-36B2A6302B6A}"
EndProject
Project("{2150E333-8FDC-42A3-9474-1A3956D46DE8}") = "Practice3", "Practice3", "{A767F066-301D-4CAB-A784-017BE15B3251}"
EndProject
Project("{9A19103F-16F7-4668-BE54-9A1E7A4F7556}") = "Practice3.Task1", "Practice3.Task1\Practice3.Task1.csproj", "{1167E66B-5C3F-486B-95C0-F58633058B52}"
EndProject
Project("{9A19103F-16F7-4668-BE54-9A1E7A4F7556}") = "Practice2.Task9", "Practice2.Task9\Practice2.Task9.csproj", "{2438CE21-72B7-4E18-8164-149199D87101}"
EndProject
Project("{9A19103F-16F7-4668-BE54-9A1E7A4F7556}") = "Practice2.Task10", "Practice2.Task10\Practice2.Task10.csproj", "{34A952E8-282D-47A1-B058-E449A25BC50B}"
EndProject
Project("{2150E333-8FDC-42A3-9474-1A3956D46DE8}") = "Practice4", "Practice4", "{B9E5015F-5E08-4E7B-816E-C73E2D6A4618}"
EndProject
Project("{9A19103F-16F7-4668-BE54-9A1E7A4F7556}") = "MathHelperLib", "MathHelper\MathHelperLib.csproj", "{0B637C64-847C-4E00-9EE3-D3100975CF64}"
EndProject
Project("{9A19103F-16F7-4668-BE54-9A1E7A4F7556}") = "Practice4.Task2", "Practice4.Task2\Practice4.Task2.csproj", "{CB878CD9-9974-46E2-AD96-E191C930CB75}"
EndProject
Project("{9A19103F-16F7-4668-BE54-9A1E7A4F7556}") = "Person", "Person\Person.csproj", "{539F984C-6AF0-4845-AF7A-2599AEE494B4}"
EndProject
Project("{2150E333-8FDC-42A3-9474-1A3956D46DE8}") = "HomeWorks3", "HomeWorks3", "{9567F7FA-0452-4CBF-9F59-CB848A98E210}"
EndProject
Project("{9A19103F-16F7-4668-BE54-9A1E7A4F7556}") = "Phonebook", "Phonebook\Phonebook.csproj", "{FA67CC17-801B-46FF-878D-056D2EE87942}"
EndProject
Project("{FAE04EC0-301F-11D3-BF4B-00C04F79EFBC}") = "Practice5", "Practice5\Practice5.csproj", "{CD8B777E-79EE-478A-92E7-C2D30AFCE242}"
EndProject
Project("{2150E333-8FDC-42A3-9474-1A3956D46DE8}") = "Practice 5", "Practice 5", "{D29589EA-43F4-4A70-9322-8B29F7C442FC}"
EndProject
Global
	GlobalSection(SolutionConfigurationPlatforms) = preSolution
		Checkin|Any CPU = Checkin|Any CPU
		Debug|Any CPU = Debug|Any CPU
		Release|Any CPU = Release|Any CPU
	EndGlobalSection
	GlobalSection(ProjectConfigurationPlatforms) = postSolution
		{496ED4EA-88B3-4516-B659-22525227479D}.Checkin|Any CPU.ActiveCfg = Checkin|Any CPU
		{496ED4EA-88B3-4516-B659-22525227479D}.Checkin|Any CPU.Build.0 = Checkin|Any CPU
		{496ED4EA-88B3-4516-B659-22525227479D}.Debug|Any CPU.ActiveCfg = Debug|Any CPU
		{496ED4EA-88B3-4516-B659-22525227479D}.Debug|Any CPU.Build.0 = Debug|Any CPU
		{496ED4EA-88B3-4516-B659-22525227479D}.Release|Any CPU.ActiveCfg = Release|Any CPU
		{496ED4EA-88B3-4516-B659-22525227479D}.Release|Any CPU.Build.0 = Release|Any CPU
		{A94E23D0-BDDB-4782-98FF-B49344AFF10A}.Checkin|Any CPU.ActiveCfg = Debug|Any CPU
		{A94E23D0-BDDB-4782-98FF-B49344AFF10A}.Checkin|Any CPU.Build.0 = Debug|Any CPU
		{A94E23D0-BDDB-4782-98FF-B49344AFF10A}.Debug|Any CPU.ActiveCfg = Debug|Any CPU
		{A94E23D0-BDDB-4782-98FF-B49344AFF10A}.Debug|Any CPU.Build.0 = Debug|Any CPU
		{A94E23D0-BDDB-4782-98FF-B49344AFF10A}.Release|Any CPU.ActiveCfg = Release|Any CPU
		{A94E23D0-BDDB-4782-98FF-B49344AFF10A}.Release|Any CPU.Build.0 = Release|Any CPU
		{85E8B49E-046D-444D-8FBC-9EDF0E3195A0}.Checkin|Any CPU.ActiveCfg = Debug|Any CPU
		{85E8B49E-046D-444D-8FBC-9EDF0E3195A0}.Checkin|Any CPU.Build.0 = Debug|Any CPU
		{85E8B49E-046D-444D-8FBC-9EDF0E3195A0}.Debug|Any CPU.ActiveCfg = Debug|Any CPU
		{85E8B49E-046D-444D-8FBC-9EDF0E3195A0}.Debug|Any CPU.Build.0 = Debug|Any CPU
		{85E8B49E-046D-444D-8FBC-9EDF0E3195A0}.Release|Any CPU.ActiveCfg = Release|Any CPU
		{85E8B49E-046D-444D-8FBC-9EDF0E3195A0}.Release|Any CPU.Build.0 = Release|Any CPU
		{A6CD0EE8-54ED-4AF4-B829-2C74C8570C1B}.Checkin|Any CPU.ActiveCfg = Debug|Any CPU
		{A6CD0EE8-54ED-4AF4-B829-2C74C8570C1B}.Checkin|Any CPU.Build.0 = Debug|Any CPU
		{A6CD0EE8-54ED-4AF4-B829-2C74C8570C1B}.Debug|Any CPU.ActiveCfg = Debug|Any CPU
		{A6CD0EE8-54ED-4AF4-B829-2C74C8570C1B}.Debug|Any CPU.Build.0 = Debug|Any CPU
		{A6CD0EE8-54ED-4AF4-B829-2C74C8570C1B}.Release|Any CPU.ActiveCfg = Release|Any CPU
		{A6CD0EE8-54ED-4AF4-B829-2C74C8570C1B}.Release|Any CPU.Build.0 = Release|Any CPU
		{9F7DEA6C-CFD6-43AD-9855-8A1FD01D5CBF}.Checkin|Any CPU.ActiveCfg = Debug|Any CPU
		{9F7DEA6C-CFD6-43AD-9855-8A1FD01D5CBF}.Checkin|Any CPU.Build.0 = Debug|Any CPU
		{9F7DEA6C-CFD6-43AD-9855-8A1FD01D5CBF}.Debug|Any CPU.ActiveCfg = Debug|Any CPU
		{9F7DEA6C-CFD6-43AD-9855-8A1FD01D5CBF}.Debug|Any CPU.Build.0 = Debug|Any CPU
		{9F7DEA6C-CFD6-43AD-9855-8A1FD01D5CBF}.Release|Any CPU.ActiveCfg = Release|Any CPU
		{9F7DEA6C-CFD6-43AD-9855-8A1FD01D5CBF}.Release|Any CPU.Build.0 = Release|Any CPU
		{7D830FE8-56A4-457C-B659-32BB0BBC9D95}.Checkin|Any CPU.ActiveCfg = Debug|Any CPU
		{7D830FE8-56A4-457C-B659-32BB0BBC9D95}.Checkin|Any CPU.Build.0 = Debug|Any CPU
		{7D830FE8-56A4-457C-B659-32BB0BBC9D95}.Debug|Any CPU.ActiveCfg = Debug|Any CPU
		{7D830FE8-56A4-457C-B659-32BB0BBC9D95}.Debug|Any CPU.Build.0 = Debug|Any CPU
		{7D830FE8-56A4-457C-B659-32BB0BBC9D95}.Release|Any CPU.ActiveCfg = Release|Any CPU
		{7D830FE8-56A4-457C-B659-32BB0BBC9D95}.Release|Any CPU.Build.0 = Release|Any CPU
		{1BD38CEC-F1E3-4824-B986-36B2A6302B6A}.Checkin|Any CPU.ActiveCfg = Debug|Any CPU
		{1BD38CEC-F1E3-4824-B986-36B2A6302B6A}.Checkin|Any CPU.Build.0 = Debug|Any CPU
		{1BD38CEC-F1E3-4824-B986-36B2A6302B6A}.Debug|Any CPU.ActiveCfg = Debug|Any CPU
		{1BD38CEC-F1E3-4824-B986-36B2A6302B6A}.Debug|Any CPU.Build.0 = Debug|Any CPU
		{1BD38CEC-F1E3-4824-B986-36B2A6302B6A}.Release|Any CPU.ActiveCfg = Release|Any CPU
		{1BD38CEC-F1E3-4824-B986-36B2A6302B6A}.Release|Any CPU.Build.0 = Release|Any CPU
		{1167E66B-5C3F-486B-95C0-F58633058B52}.Checkin|Any CPU.ActiveCfg = Debug|Any CPU
		{1167E66B-5C3F-486B-95C0-F58633058B52}.Checkin|Any CPU.Build.0 = Debug|Any CPU
		{1167E66B-5C3F-486B-95C0-F58633058B52}.Debug|Any CPU.ActiveCfg = Debug|Any CPU
		{1167E66B-5C3F-486B-95C0-F58633058B52}.Debug|Any CPU.Build.0 = Debug|Any CPU
		{1167E66B-5C3F-486B-95C0-F58633058B52}.Release|Any CPU.ActiveCfg = Release|Any CPU
		{1167E66B-5C3F-486B-95C0-F58633058B52}.Release|Any CPU.Build.0 = Release|Any CPU
		{2438CE21-72B7-4E18-8164-149199D87101}.Checkin|Any CPU.ActiveCfg = Debug|Any CPU
		{2438CE21-72B7-4E18-8164-149199D87101}.Checkin|Any CPU.Build.0 = Debug|Any CPU
		{2438CE21-72B7-4E18-8164-149199D87101}.Debug|Any CPU.ActiveCfg = Debug|Any CPU
		{2438CE21-72B7-4E18-8164-149199D87101}.Debug|Any CPU.Build.0 = Debug|Any CPU
		{2438CE21-72B7-4E18-8164-149199D87101}.Release|Any CPU.ActiveCfg = Release|Any CPU
		{2438CE21-72B7-4E18-8164-149199D87101}.Release|Any CPU.Build.0 = Release|Any CPU
		{34A952E8-282D-47A1-B058-E449A25BC50B}.Checkin|Any CPU.ActiveCfg = Debug|Any CPU
		{34A952E8-282D-47A1-B058-E449A25BC50B}.Checkin|Any CPU.Build.0 = Debug|Any CPU
		{34A952E8-282D-47A1-B058-E449A25BC50B}.Debug|Any CPU.ActiveCfg = Debug|Any CPU
		{34A952E8-282D-47A1-B058-E449A25BC50B}.Debug|Any CPU.Build.0 = Debug|Any CPU
		{34A952E8-282D-47A1-B058-E449A25BC50B}.Release|Any CPU.ActiveCfg = Release|Any CPU
		{34A952E8-282D-47A1-B058-E449A25BC50B}.Release|Any CPU.Build.0 = Release|Any CPU
		{0B637C64-847C-4E00-9EE3-D3100975CF64}.Checkin|Any CPU.ActiveCfg = Debug|Any CPU
		{0B637C64-847C-4E00-9EE3-D3100975CF64}.Checkin|Any CPU.Build.0 = Debug|Any CPU
		{0B637C64-847C-4E00-9EE3-D3100975CF64}.Debug|Any CPU.ActiveCfg = Debug|Any CPU
		{0B637C64-847C-4E00-9EE3-D3100975CF64}.Debug|Any CPU.Build.0 = Debug|Any CPU
		{0B637C64-847C-4E00-9EE3-D3100975CF64}.Release|Any CPU.ActiveCfg = Release|Any CPU
		{0B637C64-847C-4E00-9EE3-D3100975CF64}.Release|Any CPU.Build.0 = Release|Any CPU
		{CB878CD9-9974-46E2-AD96-E191C930CB75}.Checkin|Any CPU.ActiveCfg = Debug|Any CPU
		{CB878CD9-9974-46E2-AD96-E191C930CB75}.Checkin|Any CPU.Build.0 = Debug|Any CPU
		{CB878CD9-9974-46E2-AD96-E191C930CB75}.Debug|Any CPU.ActiveCfg = Debug|Any CPU
		{CB878CD9-9974-46E2-AD96-E191C930CB75}.Debug|Any CPU.Build.0 = Debug|Any CPU
		{CB878CD9-9974-46E2-AD96-E191C930CB75}.Release|Any CPU.ActiveCfg = Release|Any CPU
		{CB878CD9-9974-46E2-AD96-E191C930CB75}.Release|Any CPU.Build.0 = Release|Any CPU
		{539F984C-6AF0-4845-AF7A-2599AEE494B4}.Checkin|Any CPU.ActiveCfg = Debug|Any CPU
		{539F984C-6AF0-4845-AF7A-2599AEE494B4}.Checkin|Any CPU.Build.0 = Debug|Any CPU
		{539F984C-6AF0-4845-AF7A-2599AEE494B4}.Debug|Any CPU.ActiveCfg = Debug|Any CPU
		{539F984C-6AF0-4845-AF7A-2599AEE494B4}.Debug|Any CPU.Build.0 = Debug|Any CPU
		{539F984C-6AF0-4845-AF7A-2599AEE494B4}.Release|Any CPU.ActiveCfg = Release|Any CPU
		{539F984C-6AF0-4845-AF7A-2599AEE494B4}.Release|Any CPU.Build.0 = Release|Any CPU
		{FA67CC17-801B-46FF-878D-056D2EE87942}.Checkin|Any CPU.ActiveCfg = Debug|Any CPU
		{FA67CC17-801B-46FF-878D-056D2EE87942}.Checkin|Any CPU.Build.0 = Debug|Any CPU
		{FA67CC17-801B-46FF-878D-056D2EE87942}.Debug|Any CPU.ActiveCfg = Debug|Any CPU
		{FA67CC17-801B-46FF-878D-056D2EE87942}.Debug|Any CPU.Build.0 = Debug|Any CPU
		{FA67CC17-801B-46FF-878D-056D2EE87942}.Release|Any CPU.ActiveCfg = Release|Any CPU
		{FA67CC17-801B-46FF-878D-056D2EE87942}.Release|Any CPU.Build.0 = Release|Any CPU
		{CD8B777E-79EE-478A-92E7-C2D30AFCE242}.Checkin|Any CPU.ActiveCfg = Debug|Any CPU
		{CD8B777E-79EE-478A-92E7-C2D30AFCE242}.Checkin|Any CPU.Build.0 = Debug|Any CPU
		{CD8B777E-79EE-478A-92E7-C2D30AFCE242}.Debug|Any CPU.ActiveCfg = Debug|Any CPU
		{CD8B777E-79EE-478A-92E7-C2D30AFCE242}.Debug|Any CPU.Build.0 = Debug|Any CPU
		{CD8B777E-79EE-478A-92E7-C2D30AFCE242}.Release|Any CPU.ActiveCfg = Release|Any CPU
		{CD8B777E-79EE-478A-92E7-C2D30AFCE242}.Release|Any CPU.Build.0 = Release|Any CPU
	EndGlobalSection
	GlobalSection(SolutionProperties) = preSolution
		HideSolutionNode = FALSE
	EndGlobalSection
	GlobalSection(NestedProjects) = preSolution
		{496ED4EA-88B3-4516-B659-22525227479D} = {C68F8539-12A4-4E8D-B8D6-7360509C88ED}
		{A94E23D0-BDDB-4782-98FF-B49344AFF10A} = {C68F8539-12A4-4E8D-B8D6-7360509C88ED}
		{85E8B49E-046D-444D-8FBC-9EDF0E3195A0} = {AD4612D6-F21D-44FE-BC7C-3FBE02B8CE72}
		{A6CD0EE8-54ED-4AF4-B829-2C74C8570C1B} = {AD4612D6-F21D-44FE-BC7C-3FBE02B8CE72}
		{9F7DEA6C-CFD6-43AD-9855-8A1FD01D5CBF} = {AD4612D6-F21D-44FE-BC7C-3FBE02B8CE72}
		{7D830FE8-56A4-457C-B659-32BB0BBC9D95} = {AD4612D6-F21D-44FE-BC7C-3FBE02B8CE72}
		{1BD38CEC-F1E3-4824-B986-36B2A6302B6A} = {AD4612D6-F21D-44FE-BC7C-3FBE02B8CE72}
		{1167E66B-5C3F-486B-95C0-F58633058B52} = {A767F066-301D-4CAB-A784-017BE15B3251}
		{2438CE21-72B7-4E18-8164-149199D87101} = {AD4612D6-F21D-44FE-BC7C-3FBE02B8CE72}
		{34A952E8-282D-47A1-B058-E449A25BC50B} = {AD4612D6-F21D-44FE-BC7C-3FBE02B8CE72}
		{0B637C64-847C-4E00-9EE3-D3100975CF64} = {B9E5015F-5E08-4E7B-816E-C73E2D6A4618}
		{CB878CD9-9974-46E2-AD96-E191C930CB75} = {B9E5015F-5E08-4E7B-816E-C73E2D6A4618}
		{539F984C-6AF0-4845-AF7A-2599AEE494B4} = {B9E5015F-5E08-4E7B-816E-C73E2D6A4618}
		{FA67CC17-801B-46FF-878D-056D2EE87942} = {9567F7FA-0452-4CBF-9F59-CB848A98E210}
		{CD8B777E-79EE-478A-92E7-C2D30AFCE242} = {D29589EA-43F4-4A70-9322-8B29F7C442FC}
	EndGlobalSection
	GlobalSection(ExtensibilityGlobals) = postSolution
		SolutionGuid = {B620699E-17BC-44B7-A98A-467E84C53ED1}
	EndGlobalSection
EndGlobal
