
Microsoft Visual Studio Solution File, Format Version 12.00
# Visual Studio Version 17
VisualStudioVersion = 17.10.35027.167
MinimumVisualStudioVersion = 10.0.40219.1
Project("{9A19103F-16F7-4668-BE54-9A1E7A4F7556}") = "Phonebook", "Phonebook\Phonebook.csproj", "{C44310F3-BA17-4516-9187-A1FC49DBF820}"
EndProject
Project("{2150E333-8FDC-42A3-9474-1A3956D46DE8}") = "HomeWoks3", "HomeWoks3", "{4533CB16-AFD2-4376-A404-0F30257E33DD}"
EndProject
Project("{2150E333-8FDC-42A3-9474-1A3956D46DE8}") = "HomeWork2", "HomeWork2", "{8A025F8D-AC45-427E-9F85-E96449356000}"
EndProject
Project("{FAE04EC0-301F-11D3-BF4B-00C04F79EFBC}") = "TicTacToe", "TicTacToe\TicTacToe.csproj", "{00BE1667-75EF-4869-9A79-E21DE18B16EF}"
EndProject
Global
	GlobalSection(SolutionConfigurationPlatforms) = preSolution
		Debug|Any CPU = Debug|Any CPU
		Release|Any CPU = Release|Any CPU
	EndGlobalSection
	GlobalSection(ProjectConfigurationPlatforms) = postSolution
		{C44310F3-BA17-4516-9187-A1FC49DBF820}.Debug|Any CPU.ActiveCfg = Debug|Any CPU
		{C44310F3-BA17-4516-9187-A1FC49DBF820}.Debug|Any CPU.Build.0 = Debug|Any CPU
		{C44310F3-BA17-4516-9187-A1FC49DBF820}.Release|Any CPU.ActiveCfg = Release|Any CPU
		{C44310F3-BA17-4516-9187-A1FC49DBF820}.Release|Any CPU.Build.0 = Release|Any CPU
		{00BE1667-75EF-4869-9A79-E21DE18B16EF}.Debug|Any CPU.ActiveCfg = Debug|Any CPU
		{00BE1667-75EF-4869-9A79-E21DE18B16EF}.Debug|Any CPU.Build.0 = Debug|Any CPU
		{00BE1667-75EF-4869-9A79-E21DE18B16EF}.Release|Any CPU.ActiveCfg = Release|Any CPU
		{00BE1667-75EF-4869-9A79-E21DE18B16EF}.Release|Any CPU.Build.0 = Release|Any CPU
	EndGlobalSection
	GlobalSection(SolutionProperties) = preSolution
		HideSolutionNode = FALSE
	EndGlobalSection
	GlobalSection(NestedProjects) = preSolution
		{C44310F3-BA17-4516-9187-A1FC49DBF820} = {4533CB16-AFD2-4376-A404-0F30257E33DD}
		{00BE1667-75EF-4869-9A79-E21DE18B16EF} = {8A025F8D-AC45-427E-9F85-E96449356000}
	EndGlobalSection
	GlobalSection(ExtensibilityGlobals) = postSolution
		SolutionGuid = {3737682B-5B8B-41AE-AEE8-3FDDA7D16BE9}
	EndGlobalSection
EndGlobal
